
Microsoft Visual Studio Solution File, Format Version 12.00
# Visual Studio Version 17
VisualStudioVersion = 17.3.32922.545
MinimumVisualStudioVersion = 10.0.40219.1
Project("{888888A0-9F3D-457C-B088-3A5042F75D52}") = "stacknque", "stacknque.pyproj", "{39AA6458-93D4-487F-AC9B-8AA72CDEC4C2}"
EndProject
Global
	GlobalSection(SolutionConfigurationPlatforms) = preSolution
		Debug|Any CPU = Debug|Any CPU
		Release|Any CPU = Release|Any CPU
	EndGlobalSection
	GlobalSection(ProjectConfigurationPlatforms) = postSolution
		{39AA6458-93D4-487F-AC9B-8AA72CDEC4C2}.Debug|Any CPU.ActiveCfg = Debug|Any CPU
		{39AA6458-93D4-487F-AC9B-8AA72CDEC4C2}.Release|Any CPU.ActiveCfg = Release|Any CPU
	EndGlobalSection
	GlobalSection(SolutionProperties) = preSolution
		HideSolutionNode = FALSE
	EndGlobalSection
	GlobalSection(ExtensibilityGlobals) = postSolution
		SolutionGuid = {CC4BD353-C85B-4AAE-B363-D267687070B1}
	EndGlobalSection
EndGlobal
