
Microsoft Visual Studio Solution File, Format Version 12.00
# Visual Studio Version 17
VisualStudioVersion = 17.3.32922.545
MinimumVisualStudioVersion = 10.0.40219.1
Project("{888888A0-9F3D-457C-B088-3A5042F75D52}") = "First Question", "First Question.pyproj", "{97D12368-4E67-4CCE-AFBA-41FB6C652FEF}"
EndProject
Global
	GlobalSection(SolutionConfigurationPlatforms) = preSolution
		Debug|Any CPU = Debug|Any CPU
		Release|Any CPU = Release|Any CPU
	EndGlobalSection
	GlobalSection(ProjectConfigurationPlatforms) = postSolution
		{97D12368-4E67-4CCE-AFBA-41FB6C652FEF}.Debug|Any CPU.ActiveCfg = Debug|Any CPU
		{97D12368-4E67-4CCE-AFBA-41FB6C652FEF}.Release|Any CPU.ActiveCfg = Release|Any CPU
	EndGlobalSection
	GlobalSection(SolutionProperties) = preSolution
		HideSolutionNode = FALSE
	EndGlobalSection
	GlobalSection(ExtensibilityGlobals) = postSolution
		SolutionGuid = {866E3793-0369-41B4-A7DA-60E4ACFC60F4}
	EndGlobalSection
EndGlobal
